PODS:
  - flutter_pcm_sound (0.0.1):
    - FlutterMacOS
  - FlutterMacOS (1.0.0)

DEPENDENCIES:
  - flutter_pcm_sound (from `Flutter/ephemeral/.symlinks/plugins/flutter_pcm_sound/macos`)
  - FlutterMacOS (from `Flutter/ephemeral`)

EXTERNAL SOURCES:
  flutter_pcm_sound:
    :path: Flutter/ephemeral/.symlinks/plugins/flutter_pcm_sound/macos
  FlutterMacOS:
    :path: Flutter/ephemeral

SPEC CHECKSUMS:
  flutter_pcm_sound: 66c15658e17150e5578b5fc1bcd7db97b2644711
  FlutterMacOS: c232990155153907050900a2e175c7773903ba4e

PODFILE CHECKSUM: 1e95c36afbfd1cb6423ceca4de7a8e1b256fb6ac

COCOAPODS: 1.16.2
